// !$*UTF8*$!
{
	archiveVersion = 1;
	classes = {
	};
	objectVersion = 52;
	objects = {

/* Begin PBXBuildFile section */
		12333A52252B553A005DC439 /* Pokemon Hollow.ttf in Resources */ = {isa = PBXBuildFile; fileRef = 12333A50252B553A005DC439 /* Pokemon Hollow.ttf */; };
		12333A53252B553A005DC439 /* Pokemon Solid.ttf in Resources */ = {isa = PBXBuildFile; fileRef = 12333A51252B553A005DC439 /* Pokemon Solid.ttf */; };
		12413929252B075500B72232 /* PokemonAppGridApp.swift in Sources */ = {isa = PBXBuildFile; fileRef = 12413928252B075500B72232 /* PokemonAppGridApp.swift */; };
		1241392B252B075500B72232 /* ExplorePage.swift in Sources */ = {isa = PBXBuildFile; fileRef = 1241392A252B075500B72232 /* ExplorePage.swift */; };
		1241392D252B075700B72232 /* Assets.xcassets in Resources */ = {isa = PBXBuildFile; fileRef = 1241392C252B075700B72232 /* Assets.xcassets */; };
		12413930252B075700B72232 /* Preview Assets.xcassets in Resources */ = {isa = PBXBuildFile; fileRef = 1241392F252B075700B72232 /* Preview Assets.xcassets */; };
		12AD3130252B5F8400E55ABF /* PokemonSearchData.json in Resources */ = {isa = PBXBuildFile; fileRef = 12AD312F252B5F8400E55ABF /* PokemonSearchData.json */; };
		12AD3134252B627400E55ABF /* SearchPage.swift in Sources */ = {isa = PBXBuildFile; fileRef = 12AD3133252B627400E55ABF /* SearchPage.swift */; };
		12AD3138252C4D3B00E55ABF /* SearchBar.swift in Sources */ = {isa = PBXBuildFile; fileRef = 12AD3137252C4D3B00E55ABF /* SearchBar.swift */; };
		12AD313C252C5D5100E55ABF /* DetailsPage.swift in Sources */ = {isa = PBXBuildFile; fileRef = 12AD313B252C5D5100E55ABF /* DetailsPage.swift */; };
		12B55738252B1C0100A80E35 /* KingfisherSwiftUI in Frameworks */ = {isa = PBXBuildFile; productRef = 12B55737252B1C0100A80E35 /* KingfisherSwiftUI */; };
		12B5573B252B40D800A80E35 /* LoadingIndicator.swift in Sources */ = {isa = PBXBuildFile; fileRef = 12B5573A252B40D800A80E35 /* LoadingIndicator.swift */; };
		12B5573F252B4FF200A80E35 /* PokemonJSON.swift in Sources */ = {isa = PBXBuildFile; fileRef = 12B5573E252B4FF200A80E35 /* PokemonJSON.swift */; };
		12B55745252B504800A80E35 /* ExploreGridViewModel.swift in Sources */ = {isa = PBXBuildFile; fileRef = 12B55744252B504800A80E35 /* ExploreGridViewModel.swift */; };
		12B5574C252B50E100A80E35 /* ExploreGridCell.swift in Sources */ = {isa = PBXBuildFile; fileRef = 12B5574B252B50E100A80E35 /* ExploreGridCell.swift */; };
		12B55750252B517000A80E35 /* HomePage.swift in Sources */ = {isa = PBXBuildFile; fileRef = 12B5574F252B517000A80E35 /* HomePage.swift */; };
		12B55758252B53A800A80E35 /* PokemonSolid.ttf in Resources */ = {isa = PBXBuildFile; fileRef = 12B55756252B53A800A80E35 /* PokemonSolid.ttf */; };
		12B55759252B53A800A80E35 /* PokemonHollow.ttf in Resources */ = {isa = PBXBuildFile; fileRef = 12B55757252B53A800A80E35 /* PokemonHollow.ttf */; };
/* End PBXBuildFile section */

/* Begin PBXFileReference section */
		12333A50252B553A005DC439 /* Pokemon Hollow.ttf */ = {isa = PBXFileReference; lastKnownFileType = file; path = "Pokemon Hollow.ttf"; sourceTree = "<group>"; };
		12333A51252B553A005DC439 /* Pokemon Solid.ttf */ = {isa = PBXFileReference; lastKnownFileType = file; path = "Pokemon Solid.ttf"; sourceTree = "<group>"; };
		12413925252B075500B72232 /* PokemonAppGrid.app */ = {isa = PBXFileReference; explicitFileType = wrapper.application; includeInIndex = 0; path = PokemonAppGrid.app; sourceTree = BUILT_PRODUCTS_DIR; };
		12413928252B075500B72232 /* PokemonAppGridApp.swift */ = {isa = PBXFileReference; lastKnownFileType = sourcecode.swift; path = PokemonAppGridApp.swift; sourceTree = "<group>"; };
		1241392A252B075500B72232 /* ExplorePage.swift */ = {isa = PBXFileReference; lastKnownFileType = sourcecode.swift; path = ExplorePage.swift; sourceTree = "<group>"; };
		1241392C252B075700B72232 /* Assets.xcassets */ = {isa = PBXFileReference; lastKnownFileType = folder.assetcatalog; path = Assets.xcassets; sourceTree = "<group>"; };
		1241392F252B075700B72232 /* Preview Assets.xcassets */ = {isa = PBXFileReference; lastKnownFileType = folder.assetcatalog; path = "Preview Assets.xcassets"; sourceTree = "<group>"; };
		12413931252B075700B72232 /* Info.plist */ = {isa = PBXFileReference; lastKnownFileType = text.plist.xml; path = Info.plist; sourceTree = "<group>"; };
		12AD312F252B5F8400E55ABF /* PokemonSearchData.json */ = {isa = PBXFileReference; lastKnownFileType = text.json; path = PokemonSearchData.json; sourceTree = "<group>"; };
		12AD3133252B627400E55ABF /* SearchPage.swift */ = {isa = PBXFileReference; lastKnownFileType = sourcecode.swift; path = SearchPage.swift; sourceTree = "<group>"; };
		12AD3137252C4D3B00E55ABF /* SearchBar.swift */ = {isa = PBXFileReference; lastKnownFileType = sourcecode.swift; path = SearchBar.swift; sourceTree = "<group>"; };
		12AD313B252C5D5100E55ABF /* DetailsPage.swift */ = {isa = PBXFileReference; lastKnownFileType = sourcecode.swift; path = DetailsPage.swift; sourceTree = "<group>"; };
		12B5573A252B40D800A80E35 /* LoadingIndicator.swift */ = {isa = PBXFileReference; lastKnownFileType = sourcecode.swift; path = LoadingIndicator.swift; sourceTree = "<group>"; };
		12B5573E252B4FF200A80E35 /* PokemonJSON.swift */ = {isa = PBXFileReference; lastKnownFileType = sourcecode.swift; path = PokemonJSON.swift; sourceTree = "<group>"; };
		12B55744252B504800A80E35 /* ExploreGridViewModel.swift */ = {isa = PBXFileReference; lastKnownFileType = sourcecode.swift; path = ExploreGridViewModel.swift; sourceTree = "<group>"; };
		12B5574B252B50E100A80E35 /* ExploreGridCell.swift */ = {isa = PBXFileReference; lastKnownFileType = sourcecode.swift; path = ExploreGridCell.swift; sourceTree = "<group>"; };
		12B5574F252B517000A80E35 /* HomePage.swift */ = {isa = PBXFileReference; lastKnownFileType = sourcecode.swift; path = HomePage.swift; sourceTree = "<group>"; };
		12B55756252B53A800A80E35 /* PokemonSolid.ttf */ = {isa = PBXFileReference; lastKnownFileType = file; path = PokemonSolid.ttf; sourceTree = "<group>"; };
		12B55757252B53A800A80E35 /* PokemonHollow.ttf */ = {isa = PBXFileReference; lastKnownFileType = file; path = PokemonHollow.ttf; sourceTree = "<group>"; };
/* End PBXFileReference section */

/* Begin PBXFrameworksBuildPhase section */
		12413922252B075500B72232 /* Frameworks */ = {
			isa = PBXFrameworksBuildPhase;
			buildActionMask = 2147483647;
			files = (
				12B55738252B1C0100A80E35 /* KingfisherSwiftUI in Frameworks */,
			);
			runOnlyForDeploymentPostprocessing = 0;
		};
/* End PBXFrameworksBuildPhase section */

/* Begin PBXGroup section */
		1241391C252B075500B72232 = {
			isa = PBXGroup;
			children = (
				12413927252B075500B72232 /* PokemonAppGrid */,
				12413926252B075500B72232 /* Products */,
			);
			sourceTree = "<group>";
		};
		12413926252B075500B72232 /* Products */ = {
			isa = PBXGroup;
			children = (
				12413925252B075500B72232 /* PokemonAppGrid.app */,
			);
			name = Products;
			sourceTree = "<group>";
		};
		12413927252B075500B72232 /* PokemonAppGrid */ = {
			isa = PBXGroup;
			children = (
				12B55753252B536B00A80E35 /* Font */,
				12B55748252B506800A80E35 /* Views */,
				12B55743252B502800A80E35 /* ViewModels */,
				12B5573D252B4FDE00A80E35 /* Models */,
				12413928252B075500B72232 /* PokemonAppGridApp.swift */,
				12B5573A252B40D800A80E35 /* LoadingIndicator.swift */,
				1241392C252B075700B72232 /* Assets.xcassets */,
				12413931252B075700B72232 /* Info.plist */,
				1241392E252B075700B72232 /* Preview Content */,
				12AD312F252B5F8400E55ABF /* PokemonSearchData.json */,
			);
			path = PokemonAppGrid;
			sourceTree = "<group>";
		};
		1241392E252B075700B72232 /* Preview Content */ = {
			isa = PBXGroup;
			children = (
				1241392F252B075700B72232 /* Preview Assets.xcassets */,
			);
			path = "Preview Content";
			sourceTree = "<group>";
		};
		12AD3132252B625800E55ABF /* SearchPage */ = {
			isa = PBXGroup;
			children = (
				12AD3133252B627400E55ABF /* SearchPage.swift */,
				12AD3137252C4D3B00E55ABF /* SearchBar.swift */,
			);
			path = SearchPage;
			sourceTree = "<group>";
		};
		12AD313A252C5D3F00E55ABF /* DetailPage */ = {
			isa = PBXGroup;
			children = (
				12AD313B252C5D5100E55ABF /* DetailsPage.swift */,
			);
			path = DetailPage;
			sourceTree = "<group>";
		};
		12B5573D252B4FDE00A80E35 /* Models */ = {
			isa = PBXGroup;
			children = (
				12B5573E252B4FF200A80E35 /* PokemonJSON.swift */,
			);
			path = Models;
			sourceTree = "<group>";
		};
		12B55743252B502800A80E35 /* ViewModels */ = {
			isa = PBXGroup;
			children = (
				12B55744252B504800A80E35 /* ExploreGridViewModel.swift */,
			);
			path = ViewModels;
			sourceTree = "<group>";
		};
		12B55748252B506800A80E35 /* Views */ = {
			isa = PBXGroup;
			children = (
				12AD313A252C5D3F00E55ABF /* DetailPage */,
				12AD3132252B625800E55ABF /* SearchPage */,
				12B5574E252B515900A80E35 /* HomePage */,
				12B55749252B506F00A80E35 /* ExplorePage */,
			);
			path = Views;
			sourceTree = "<group>";
		};
		12B55749252B506F00A80E35 /* ExplorePage */ = {
			isa = PBXGroup;
			children = (
				1241392A252B075500B72232 /* ExplorePage.swift */,
				12B5574B252B50E100A80E35 /* ExploreGridCell.swift */,
			);
			path = ExplorePage;
			sourceTree = "<group>";
		};
		12B5574E252B515900A80E35 /* HomePage */ = {
			isa = PBXGroup;
			children = (
				12B5574F252B517000A80E35 /* HomePage.swift */,
			);
			path = HomePage;
			sourceTree = "<group>";
		};
		12B55753252B536B00A80E35 /* Font */ = {
			isa = PBXGroup;
			children = (
				12333A50252B553A005DC439 /* Pokemon Hollow.ttf */,
				12333A51252B553A005DC439 /* Pokemon Solid.ttf */,
				12B55757252B53A800A80E35 /* PokemonHollow.ttf */,
				12B55756252B53A800A80E35 /* PokemonSolid.ttf */,
			);
			path = Font;
			sourceTree = "<group>";
		};
/* End PBXGroup section */

/* Begin PBXNativeTarget section */
		12413924252B075500B72232 /* PokemonAppGrid */ = {
			isa = PBXNativeTarget;
			buildConfigurationList = 12413934252B075700B72232 /* Build configuration list for PBXNativeTarget "PokemonAppGrid" */;
			buildPhases = (
				12413921252B075500B72232 /* Sources */,
				12413922252B075500B72232 /* Frameworks */,
				12413923252B075500B72232 /* Resources */,
			);
			buildRules = (
			);
			dependencies = (
			);
			name = PokemonAppGrid;
			packageProductDependencies = (
				12B55737252B1C0100A80E35 /* KingfisherSwiftUI */,
			);
			productName = PokemonAppGrid;
			productReference = 12413925252B075500B72232 /* PokemonAppGrid.app */;
			productType = "com.apple.product-type.application";
		};
/* End PBXNativeTarget section */

/* Begin PBXProject section */
		1241391D252B075500B72232 /* Project object */ = {
			isa = PBXProject;
			attributes = {
				LastSwiftUpdateCheck = 1200;
				LastUpgradeCheck = 1200;
				TargetAttributes = {
					12413924252B075500B72232 = {
						CreatedOnToolsVersion = 12.0.1;
					};
				};
			};
			buildConfigurationList = 12413920252B075500B72232 /* Build configuration list for PBXProject "PokemonAppGrid" */;
			compatibilityVersion = "Xcode 9.3";
			developmentRegion = en;
			hasScannedForEncodings = 0;
			knownRegions = (
				en,
				Base,
			);
			mainGroup = 1241391C252B075500B72232;
			packageReferences = (
				12B55736252B1C0100A80E35 /* XCRemoteSwiftPackageReference "Kingfisher" */,
			);
			productRefGroup = 12413926252B075500B72232 /* Products */;
			projectDirPath = "";
			projectRoot = "";
			targets = (
				12413924252B075500B72232 /* PokemonAppGrid */,
			);
		};
/* End PBXProject section */

/* Begin PBXResourcesBuildPhase section */
		12413923252B075500B72232 /* Resources */ = {
			isa = PBXResourcesBuildPhase;
			buildActionMask = 2147483647;
			files = (
				12B55759252B53A800A80E35 /* PokemonHollow.ttf in Resources */,
				12B55758252B53A800A80E35 /* PokemonSolid.ttf in Resources */,
				12333A52252B553A005DC439 /* Pokemon Hollow.ttf in Resources */,
				12333A53252B553A005DC439 /* Pokemon Solid.ttf in Resources */,
				12413930252B075700B72232 /* Preview Assets.xcassets in Resources */,
				1241392D252B075700B72232 /* Assets.xcassets in Resources */,
				12AD3130252B5F8400E55ABF /* PokemonSearchData.json in Resources */,
			);
			runOnlyForDeploymentPostprocessing = 0;
		};
/* End PBXResourcesBuildPhase section */

/* Begin PBXSourcesBuildPhase section */
		12413921252B075500B72232 /* Sources */ = {
			isa = PBXSourcesBuildPhase;
			buildActionMask = 2147483647;
			files = (
				12B5573B252B40D800A80E35 /* LoadingIndicator.swift in Sources */,
				1241392B252B075500B72232 /* ExplorePage.swift in Sources */,
				12413929252B075500B72232 /* PokemonAppGridApp.swift in Sources */,
				12B5574C252B50E100A80E35 /* ExploreGridCell.swift in Sources */,
				12B55745252B504800A80E35 /* ExploreGridViewModel.swift in Sources */,
				12AD313C252C5D5100E55ABF /* DetailsPage.swift in Sources */,
				12AD3138252C4D3B00E55ABF /* SearchBar.swift in Sources */,
				12B55750252B517000A80E35 /* HomePage.swift in Sources */,
				12AD3134252B627400E55ABF /* SearchPage.swift in Sources */,
				12B5573F252B4FF200A80E35 /* PokemonJSON.swift in Sources */,
			);
			runOnlyForDeploymentPostprocessing = 0;
		};
/* End PBXSourcesBuildPhase section */

/* Begin XCBuildConfiguration section */
		12413932252B075700B72232 /* Debug */ = {
			isa = XCBuildConfiguration;
			buildSettings = {
				ALWAYS_SEARCH_USER_PATHS = NO;
				CLANG_ANALYZER_NONNULL = YES;
				CLANG_ANALYZER_NUMBER_OBJECT_CONVERSION = YES_AGGRESSIVE;
				CLANG_CXX_LANGUAGE_STANDARD = "gnu++14";
				CLANG_CXX_LIBRARY = "libc++";
				CLANG_ENABLE_MODULES = YES;
				CLANG_ENABLE_OBJC_ARC = YES;
				CLANG_ENABLE_OBJC_WEAK = YES;
				CLANG_WARN_BLOCK_CAPTURE_AUTORELEASING = YES;
				CLANG_WARN_BOOL_CONVERSION = YES;
				CLANG_WARN_COMMA = YES;
				CLANG_WARN_CONSTANT_CONVERSION = YES;
				CLANG_WARN_DEPRECATED_OBJC_IMPLEMENTATIONS = YES;
				CLANG_WARN_DIRECT_OBJC_ISA_USAGE = YES_ERROR;
				CLANG_WARN_DOCUMENTATION_COMMENTS = YES;
				CLANG_WARN_EMPTY_BODY = YES;
				CLANG_WARN_ENUM_CONVERSION = YES;
				CLANG_WARN_INFINITE_RECURSION = YES;
				CLANG_WARN_INT_CONVERSION = YES;
				CLANG_WARN_NON_LITERAL_NULL_CONVERSION = YES;
				CLANG_WARN_OBJC_IMPLICIT_RETAIN_SELF = YES;
				CLANG_WARN_OBJC_LITERAL_CONVERSION = YES;
				CLANG_WARN_OBJC_ROOT_CLASS = YES_ERROR;
				CLANG_WARN_QUOTED_INCLUDE_IN_FRAMEWORK_HEADER = YES;
				CLANG_WARN_RANGE_LOOP_ANALYSIS = YES;
				CLANG_WARN_STRICT_PROTOTYPES = YES;
				CLANG_WARN_SUSPICIOUS_MOVE = YES;
				CLANG_WARN_UNGUARDED_AVAILABILITY = YES_AGGRESSIVE;
				CLANG_WARN_UNREACHABLE_CODE = YES;
				CLANG_WARN__DUPLICATE_METHOD_MATCH = YES;
				COPY_PHASE_STRIP = NO;
				DEBUG_INFORMATION_FORMAT = dwarf;
				ENABLE_STRICT_OBJC_MSGSEND = YES;
				ENABLE_TESTABILITY = YES;
				GCC_C_LANGUAGE_STANDARD = gnu11;
				GCC_DYNAMIC_NO_PIC = NO;
				GCC_NO_COMMON_BLOCKS = YES;
				GCC_OPTIMIZATION_LEVEL = 0;
				GCC_PREPROCESSOR_DEFINITIONS = (
					"DEBUG=1",
					"$(inherited)",
				);
				GCC_WARN_64_TO_32_BIT_CONVERSION = YES;
				GCC_WARN_ABOUT_RETURN_TYPE = YES_ERROR;
				GCC_WARN_UNDECLARED_SELECTOR = YES;
				GCC_WARN_UNINITIALIZED_AUTOS = YES_AGGRESSIVE;
				GCC_WARN_UNUSED_FUNCTION = YES;
				GCC_WARN_UNUSED_VARIABLE = YES;
				IPHONEOS_DEPLOYMENT_TARGET = 14.0;
				MTL_ENABLE_DEBUG_INFO = INCLUDE_SOURCE;
				MTL_FAST_MATH = YES;
				ONLY_ACTIVE_ARCH = YES;
				SDKROOT = iphoneos;
				SWIFT_ACTIVE_COMPILATION_CONDITIONS = DEBUG;
				SWIFT_OPTIMIZATION_LEVEL = "-Onone";
			};
			name = Debug;
		};
		12413933252B075700B72232 /* Release */ = {
			isa = XCBuildConfiguration;
			buildSettings = {
				ALWAYS_SEARCH_USER_PATHS = NO;
				CLANG_ANALYZER_NONNULL = YES;
				CLANG_ANALYZER_NUMBER_OBJECT_CONVERSION = YES_AGGRESSIVE;
				CLANG_CXX_LANGUAGE_STANDARD = "gnu++14";
				CLANG_CXX_LIBRARY = "libc++";
				CLANG_ENABLE_MODULES = YES;
				CLANG_ENABLE_OBJC_ARC = YES;
				CLANG_ENABLE_OBJC_WEAK = YES;
				CLANG_WARN_BLOCK_CAPTURE_AUTORELEASING = YES;
				CLANG_WARN_BOOL_CONVERSION = YES;
				CLANG_WARN_COMMA = YES;
				CLANG_WARN_CONSTANT_CONVERSION = YES;
				CLANG_WARN_DEPRECATED_OBJC_IMPLEMENTATIONS = YES;
				CLANG_WARN_DIRECT_OBJC_ISA_USAGE = YES_ERROR;
				CLANG_WARN_DOCUMENTATION_COMMENTS = YES;
				CLANG_WARN_EMPTY_BODY = YES;
				CLANG_WARN_ENUM_CONVERSION = YES;
				CLANG_WARN_INFINITE_RECURSION = YES;
				CLANG_WARN_INT_CONVERSION = YES;
				CLANG_WARN_NON_LITERAL_NULL_CONVERSION = YES;
				CLANG_WARN_OBJC_IMPLICIT_RETAIN_SELF = YES;
				CLANG_WARN_OBJC_LITERAL_CONVERSION = YES;
				CLANG_WARN_OBJC_ROOT_CLASS = YES_ERROR;
				CLANG_WARN_QUOTED_INCLUDE_IN_FRAMEWORK_HEADER = YES;
				CLANG_WARN_RANGE_LOOP_ANALYSIS = YES;
				CLANG_WARN_STRICT_PROTOTYPES = YES;
				CLANG_WARN_SUSPICIOUS_MOVE = YES;
				CLANG_WARN_UNGUARDED_AVAILABILITY = YES_AGGRESSIVE;
				CLANG_WARN_UNREACHABLE_CODE = YES;
				CLANG_WARN__DUPLICATE_METHOD_MATCH = YES;
				COPY_PHASE_STRIP = NO;
				DEBUG_INFORMATION_FORMAT = "dwarf-with-dsym";
				ENABLE_NS_ASSERTIONS = NO;
				ENABLE_STRICT_OBJC_MSGSEND = YES;
				GCC_C_LANGUAGE_STANDARD = gnu11;
				GCC_NO_COMMON_BLOCKS = YES;
				GCC_WARN_64_TO_32_BIT_CONVERSION = YES;
				GCC_WARN_ABOUT_RETURN_TYPE = YES_ERROR;
				GCC_WARN_UNDECLARED_SELECTOR = YES;
				GCC_WARN_UNINITIALIZED_AUTOS = YES_AGGRESSIVE;
				GCC_WARN_UNUSED_FUNCTION = YES;
				GCC_WARN_UNUSED_VARIABLE = YES;
				IPHONEOS_DEPLOYMENT_TARGET = 14.0;
				MTL_ENABLE_DEBUG_INFO = NO;
				MTL_FAST_MATH = YES;
				SDKROOT = iphoneos;
				SWIFT_COMPILATION_MODE = wholemodule;
				SWIFT_OPTIMIZATION_LEVEL = "-O";
				VALIDATE_PRODUCT = YES;
			};
			name = Release;
		};
		12413935252B075700B72232 /* Debug */ = {
			isa = XCBuildConfiguration;
			buildSettings = {
				ASSETCATALOG_COMPILER_APPICON_NAME = AppIcon;
				ASSETCATALOG_COMPILER_GLOBAL_ACCENT_COLOR_NAME = AccentColor;
				CODE_SIGN_STYLE = Automatic;
				DEVELOPMENT_ASSET_PATHS = "\"PokemonAppGrid/Preview Content\"";
				DEVELOPMENT_TEAM = CR9HQ2T677;
				ENABLE_PREVIEWS = YES;
				INFOPLIST_FILE = PokemonAppGrid/Info.plist;
				IPHONEOS_DEPLOYMENT_TARGET = 14.0;
				LD_RUNPATH_SEARCH_PATHS = (
					"$(inherited)",
					"@executable_path/Frameworks",
				);
				PRODUCT_BUNDLE_IDENTIFIER = joarkarlsson.PokemonAppGrid;
				PRODUCT_NAME = "$(TARGET_NAME)";
				SWIFT_VERSION = 5.0;
				TARGETED_DEVICE_FAMILY = "1,2";
			};
			name = Debug;
		};
		12413936252B075700B72232 /* Release */ = {
			isa = XCBuildConfiguration;
			buildSettings = {
				ASSETCATALOG_COMPILER_APPICON_NAME = AppIcon;
				ASSETCATALOG_COMPILER_GLOBAL_ACCENT_COLOR_NAME = AccentColor;
				CODE_SIGN_STYLE = Automatic;
				DEVELOPMENT_ASSET_PATHS = "\"PokemonAppGrid/Preview Content\"";
				DEVELOPMENT_TEAM = CR9HQ2T677;
				ENABLE_PREVIEWS = YES;
				INFOPLIST_FILE = PokemonAppGrid/Info.plist;
				IPHONEOS_DEPLOYMENT_TARGET = 14.0;
				LD_RUNPATH_SEARCH_PATHS = (
					"$(inherited)",
					"@executable_path/Frameworks",
				);
				PRODUCT_BUNDLE_IDENTIFIER = joarkarlsson.PokemonAppGrid;
				PRODUCT_NAME = "$(TARGET_NAME)";
				SWIFT_VERSION = 5.0;
				TARGETED_DEVICE_FAMILY = "1,2";
			};
			name = Release;
		};
/* End XCBuildConfiguration section */

/* Begin XCConfigurationList section */
		12413920252B075500B72232 /* Build configuration list for PBXProject "PokemonAppGrid" */ = {
			isa = XCConfigurationList;
			buildConfigurations = (
				12413932252B075700B72232 /* Debug */,
				12413933252B075700B72232 /* Release */,
			);
			defaultConfigurationIsVisible = 0;
			defaultConfigurationName = Release;
		};
		12413934252B075700B72232 /* Build configuration list for PBXNativeTarget "PokemonAppGrid" */ = {
			isa = XCConfigurationList;
			buildConfigurations = (
				12413935252B075700B72232 /* Debug */,
				12413936252B075700B72232 /* Release */,
			);
			defaultConfigurationIsVisible = 0;
			defaultConfigurationName = Release;
		};
/* End XCConfigurationList section */

/* Begin XCRemoteSwiftPackageReference section */
		12B55736252B1C0100A80E35 /* XCRemoteSwiftPackageReference "Kingfisher" */ = {
			isa = XCRemoteSwiftPackageReference;
			repositoryURL = "https://github.com/onevcat/Kingfisher";
			requirement = {
				kind = upToNextMajorVersion;
				minimumVersion = 5.15.5;
			};
		};
/* End XCRemoteSwiftPackageReference section */

/* Begin XCSwiftPackageProductDependency section */
		12B55737252B1C0100A80E35 /* KingfisherSwiftUI */ = {
			isa = XCSwiftPackageProductDependency;
			package = 12B55736252B1C0100A80E35 /* XCRemoteSwiftPackageReference "Kingfisher" */;
			productName = KingfisherSwiftUI;
		};
/* End XCSwiftPackageProductDependency section */
	};
	rootObject = 1241391D252B075500B72232 /* Project object */;
}
